
Microsoft Visual Studio Solution File, Format Version 12.00
# Visual Studio 15
VisualStudioVersion = 15.0.27703.2026
MinimumVisualStudioVersion = 10.0.40219.1
Project("{9A19103F-16F7-4668-BE54-9A1E7A4F7556}") = "SmartAdmin.Web", "SmartAdmin.Web.csproj", "{F9A6A2E8-7764-42B9-B331-4FD183E40E36}"
EndProject
Project("{FAE04EC0-301F-11D3-BF4B-00C04F79EFBC}") = "Externos", "..\Externos\Externos.csproj", "{547B47D5-5239-45E5-9990-BB2572752219}"
EndProject
Global
	GlobalSection(SolutionConfigurationPlatforms) = preSolution
		Debug|Any CPU = Debug|Any CPU
		Release|Any CPU = Release|Any CPU
	EndGlobalSection
	GlobalSection(ProjectConfigurationPlatforms) = postSolution
		{F9A6A2E8-7764-42B9-B331-4FD183E40E36}.Debug|Any CPU.ActiveCfg = Debug|Any CPU
		{F9A6A2E8-7764-42B9-B331-4FD183E40E36}.Debug|Any CPU.Build.0 = Debug|Any CPU
		{F9A6A2E8-7764-42B9-B331-4FD183E40E36}.Release|Any CPU.ActiveCfg = Release|Any CPU
		{F9A6A2E8-7764-42B9-B331-4FD183E40E36}.Release|Any CPU.Build.0 = Release|Any CPU
		{547B47D5-5239-45E5-9990-BB2572752219}.Debug|Any CPU.ActiveCfg = Debug|Any CPU
		{547B47D5-5239-45E5-9990-BB2572752219}.Debug|Any CPU.Build.0 = Debug|Any CPU
		{547B47D5-5239-45E5-9990-BB2572752219}.Release|Any CPU.ActiveCfg = Release|Any CPU
		{547B47D5-5239-45E5-9990-BB2572752219}.Release|Any CPU.Build.0 = Release|Any CPU
	EndGlobalSection
	GlobalSection(SolutionProperties) = preSolution
		HideSolutionNode = FALSE
	EndGlobalSection
	GlobalSection(ExtensibilityGlobals) = postSolution
		SolutionGuid = {34A23559-EF43-44A2-843B-92588766F43C}
	EndGlobalSection
EndGlobal
